<Solution>
  <Folder Name="/Itens de Solução/">
    <File Path="Directory.Build.props" />
    <File Path="README.md" />
  </Folder>
  <Folder Name="/Solution Items/">
    <File Path="docker-compose.yml" />
  </Folder>
  <Folder Name="/src/" />
  <Folder Name="/src/backend/" />
  <Folder Name="/src/backend/Billing/">
    <Project Path="src/backend/Billing/Korp.Invoice.Billing.Api/Korp.Invoice.Billing.Api.csproj" />
    <Project Path="src/backend/Billing/Korp.Invoice.Billing.Application/Korp.Invoice.Billing.Application.csproj" />
    <Project Path="src/backend/Billing/Korp.Invoice.Billing.Domain/Korp.Invoice.Billing.Domain.csproj" />
    <Project Path="src/backend/Billing/Korp.Invoice.Billing.Infrastructure/Korp.Invoice.Billing.Infrastructure.csproj" />
  </Folder>
  <Folder Name="/src/backend/Inventory/">
    <Project Path="src/backend/Inventory/Korp.Invoice.Inventory.Api/Korp.Invoice.Inventory.Api.csproj" />
    <Project Path="src/backend/Inventory/Korp.Invoice.Inventory.Application/Korp.Invoice.Inventory.Application.csproj" />
    <Project Path="src/backend/Inventory/Korp.Invoice.Inventory.Domain/Korp.Invoice.Inventory.Domain.csproj" />
    <Project Path="src/backend/Inventory/Korp.Invoice.Inventory.Infrastructure/Korp.Invoice.Inventory.Infrastructure.csproj" />
  </Folder>
  <Folder Name="/src/backend/Shared/">
    <Project Path="src/backend/Shared/Korp.Invoice.Shared/Korp.Invoice.Shared.csproj" />
  </Folder>
  <Folder Name="/tests/">
    <Project Path="tests/Korp.Invoice.Billing.UnitTests/Korp.Invoice.Billing.UnitTests.csproj" />
    <Project Path="tests/Korp.Invoice.Inventory.UnitTests/Korp.Invoice.Inventory.UnitTests.csproj" />
  </Folder>
</Solution>
